
Microsoft Visual Studio Solution File, Format Version 12.00
# Visual Studio Version 17
VisualStudioVersion = 17.3.32825.248
MinimumVisualStudioVersion = 10.0.40219.1
Project("{FAE04EC0-301F-11D3-BF4B-00C04F79EFBC}") = "NeaApp", "NeaApp.csproj", "{36EC515B-4B12-49D9-997F-8354E6C374F1}"
EndProject
Global
	GlobalSection(SolutionConfigurationPlatforms) = preSolution
		Debug|Any CPU = Debug|Any CPU
		Release|Any CPU = Release|Any CPU
	EndGlobalSection
	GlobalSection(ProjectConfigurationPlatforms) = postSolution
		{36EC515B-4B12-49D9-997F-8354E6C374F1}.Debug|Any CPU.ActiveCfg = Debug|Any CPU
		{36EC515B-4B12-49D9-997F-8354E6C374F1}.Debug|Any CPU.Build.0 = Debug|Any CPU
		{36EC515B-4B12-49D9-997F-8354E6C374F1}.Release|Any CPU.ActiveCfg = Release|Any CPU
		{36EC515B-4B12-49D9-997F-8354E6C374F1}.Release|Any CPU.Build.0 = Release|Any CPU
	EndGlobalSection
	GlobalSection(SolutionProperties) = preSolution
		HideSolutionNode = FALSE
	EndGlobalSection
	GlobalSection(ExtensibilityGlobals) = postSolution
		SolutionGuid = {BB62193D-7CE6-4A1B-87BC-E8E5A063EA80}
	EndGlobalSection
EndGlobal
